
Microsoft Visual Studio Solution File, Format Version 12.00
# Visual Studio Version 17
VisualStudioVersion = 17.9.34714.143
MinimumVisualStudioVersion = 10.0.40219.1
Project("{9A19103F-16F7-4668-BE54-9A1E7A4F7556}") = "CaseChecker", "CaseChecker\CaseChecker.csproj", "{A3E7E45F-BF6C-4FD1-B421-501126AF1559}"
EndProject
Project("{FAE04EC0-301F-11D3-BF4B-00C04F79EFBC}") = "CaseCheckerUpdater", "CaseCheckerUpdater\CaseCheckerUpdater.csproj", "{24E9EE0E-C437-436C-9642-B8FCBC58A201}"
EndProject
Global
	GlobalSection(SolutionConfigurationPlatforms) = preSolution
		Debug|Any CPU = Debug|Any CPU
		Release|Any CPU = Release|Any CPU
	EndGlobalSection
	GlobalSection(ProjectConfigurationPlatforms) = postSolution
		{A3E7E45F-BF6C-4FD1-B421-501126AF1559}.Debug|Any CPU.ActiveCfg = Debug|Any CPU
		{A3E7E45F-BF6C-4FD1-B421-501126AF1559}.Debug|Any CPU.Build.0 = Debug|Any CPU
		{A3E7E45F-BF6C-4FD1-B421-501126AF1559}.Release|Any CPU.ActiveCfg = Release|Any CPU
		{A3E7E45F-BF6C-4FD1-B421-501126AF1559}.Release|Any CPU.Build.0 = Release|Any CPU
		{24E9EE0E-C437-436C-9642-B8FCBC58A201}.Debug|Any CPU.ActiveCfg = Debug|Any CPU
		{24E9EE0E-C437-436C-9642-B8FCBC58A201}.Debug|Any CPU.Build.0 = Debug|Any CPU
		{24E9EE0E-C437-436C-9642-B8FCBC58A201}.Release|Any CPU.ActiveCfg = Release|Any CPU
		{24E9EE0E-C437-436C-9642-B8FCBC58A201}.Release|Any CPU.Build.0 = Release|Any CPU
	EndGlobalSection
	GlobalSection(SolutionProperties) = preSolution
		HideSolutionNode = FALSE
	EndGlobalSection
	GlobalSection(ExtensibilityGlobals) = postSolution
		SolutionGuid = {B5DFF4F4-CAE8-4952-BDC6-2BE9BDF13509}
	EndGlobalSection
EndGlobal
